
Microsoft Visual Studio Solution File, Format Version 12.00
# Visual Studio 14
VisualStudioVersion = 14.0.25420.1
MinimumVisualStudioVersion = 10.0.40219.1
Project("{FAE04EC0-301F-11D3-BF4B-00C04F79EFBC}") = "Common", "Common\Common.csproj", "{AEAEF263-FBED-47B2-9C00-18C3C3C038D0}"
EndProject
Project("{FAE04EC0-301F-11D3-BF4B-00C04F79EFBC}") = "SJKP.PrecompiledFunctions", "SJKP.PrecompiledFunctions\SJKP.PrecompiledFunctions.csproj", "{4420C914-E9E9-4028-BBFB-A432FC8D30E7}"
EndProject
Project("{FAE04EC0-301F-11D3-BF4B-00C04F79EFBC}") = "SJKP.Azure.FunctionDeploy", "SJKP.Azure.FunctionDeploy\SJKP.Azure.FunctionDeploy.csproj", "{64E1BAB3-19B6-4897-844B-5338BB995026}"
	ProjectSection(ProjectDependencies) = postProject
		{4420C914-E9E9-4028-BBFB-A432FC8D30E7} = {4420C914-E9E9-4028-BBFB-A432FC8D30E7}
		{AEAEF263-FBED-47B2-9C00-18C3C3C038D0} = {AEAEF263-FBED-47B2-9C00-18C3C3C038D0}
	EndProjectSection
EndProject
Global
	GlobalSection(SolutionConfigurationPlatforms) = preSolution
		Debug|Any CPU = Debug|Any CPU
		Release|Any CPU = Release|Any CPU
	EndGlobalSection
	GlobalSection(ProjectConfigurationPlatforms) = postSolution
		{AEAEF263-FBED-47B2-9C00-18C3C3C038D0}.Debug|Any CPU.ActiveCfg = Debug|Any CPU
		{AEAEF263-FBED-47B2-9C00-18C3C3C038D0}.Debug|Any CPU.Build.0 = Debug|Any CPU
		{AEAEF263-FBED-47B2-9C00-18C3C3C038D0}.Release|Any CPU.ActiveCfg = Release|Any CPU
		{AEAEF263-FBED-47B2-9C00-18C3C3C038D0}.Release|Any CPU.Build.0 = Release|Any CPU
		{4420C914-E9E9-4028-BBFB-A432FC8D30E7}.Debug|Any CPU.ActiveCfg = Debug|Any CPU
		{4420C914-E9E9-4028-BBFB-A432FC8D30E7}.Debug|Any CPU.Build.0 = Debug|Any CPU
		{4420C914-E9E9-4028-BBFB-A432FC8D30E7}.Release|Any CPU.ActiveCfg = Release|Any CPU
		{4420C914-E9E9-4028-BBFB-A432FC8D30E7}.Release|Any CPU.Build.0 = Release|Any CPU
		{64E1BAB3-19B6-4897-844B-5338BB995026}.Debug|Any CPU.ActiveCfg = Debug|Any CPU
		{64E1BAB3-19B6-4897-844B-5338BB995026}.Debug|Any CPU.Build.0 = Debug|Any CPU
		{64E1BAB3-19B6-4897-844B-5338BB995026}.Release|Any CPU.ActiveCfg = Release|Any CPU
		{64E1BAB3-19B6-4897-844B-5338BB995026}.Release|Any CPU.Build.0 = Release|Any CPU
	EndGlobalSection
	GlobalSection(SolutionProperties) = preSolution
		HideSolutionNode = FALSE
	EndGlobalSection
EndGlobal
